
Microsoft Visual Studio Solution File, Format Version 12.00
# Visual Studio Version 17
VisualStudioVersion = 17.0.31903.59
MinimumVisualStudioVersion = 10.0.40219.1
Project("{FAE04EC0-301F-11D3-BF4B-00C04F79EFBC}") = "LevelOne", "LevelOne\LevelOne.csproj", "{6037A9CA-AC2A-4EF2-A80B-59CC79EE76B3}"
EndProject
Project("{FAE04EC0-301F-11D3-BF4B-00C04F79EFBC}") = "LevelTwo", "LevelTwo\LevelTwo.csproj", "{45B99F9D-2333-41BF-8BD4-CFF9573D3ACA}"
EndProject
Global
	GlobalSection(SolutionConfigurationPlatforms) = preSolution
		Debug|Any CPU = Debug|Any CPU
		Release|Any CPU = Release|Any CPU
	EndGlobalSection
	GlobalSection(SolutionProperties) = preSolution
		HideSolutionNode = FALSE
	EndGlobalSection
	GlobalSection(ProjectConfigurationPlatforms) = postSolution
		{6037A9CA-AC2A-4EF2-A80B-59CC79EE76B3}.Debug|Any CPU.ActiveCfg = Debug|Any CPU
		{6037A9CA-AC2A-4EF2-A80B-59CC79EE76B3}.Debug|Any CPU.Build.0 = Debug|Any CPU
		{6037A9CA-AC2A-4EF2-A80B-59CC79EE76B3}.Release|Any CPU.ActiveCfg = Release|Any CPU
		{6037A9CA-AC2A-4EF2-A80B-59CC79EE76B3}.Release|Any CPU.Build.0 = Release|Any CPU
		{45B99F9D-2333-41BF-8BD4-CFF9573D3ACA}.Debug|Any CPU.ActiveCfg = Debug|Any CPU
		{45B99F9D-2333-41BF-8BD4-CFF9573D3ACA}.Debug|Any CPU.Build.0 = Debug|Any CPU
		{45B99F9D-2333-41BF-8BD4-CFF9573D3ACA}.Release|Any CPU.ActiveCfg = Release|Any CPU
		{45B99F9D-2333-41BF-8BD4-CFF9573D3ACA}.Release|Any CPU.Build.0 = Release|Any CPU
	EndGlobalSection
EndGlobal
